
Microsoft Visual Studio Solution File, Format Version 12.00
# Visual Studio Version 16
VisualStudioVersion = 16.0.31019.35
MinimumVisualStudioVersion = 10.0.40219.1
Project("{9A19103F-16F7-4668-BE54-9A1E7A4F7556}") = "Corporateqna", "Corporateqna\Corporateqna.csproj", "{8E3BD5CF-BA19-4960-886F-A6AB58DC74C7}"
EndProject
Project("{9A19103F-16F7-4668-BE54-9A1E7A4F7556}") = "Models", "Models\Models.csproj", "{1954AA1E-2FA7-45DC-9250-ABF0C4031DCC}"
EndProject
Project("{FAE04EC0-301F-11D3-BF4B-00C04F79EFBC}") = "DataModels", "DataModel\DataModels.csproj", "{5CA5A427-D898-4371-AF38-BC43C31D1F66}"
EndProject
Project("{FAE04EC0-301F-11D3-BF4B-00C04F79EFBC}") = "Services", "Services\Services.csproj", "{4BD59757-CAD7-41B7-92F8-69C515162022}"
EndProject
Global
	GlobalSection(SolutionConfigurationPlatforms) = preSolution
		Debug|Any CPU = Debug|Any CPU
		Release|Any CPU = Release|Any CPU
	EndGlobalSection
	GlobalSection(ProjectConfigurationPlatforms) = postSolution
		{8E3BD5CF-BA19-4960-886F-A6AB58DC74C7}.Debug|Any CPU.ActiveCfg = Debug|Any CPU
		{8E3BD5CF-BA19-4960-886F-A6AB58DC74C7}.Debug|Any CPU.Build.0 = Debug|Any CPU
		{8E3BD5CF-BA19-4960-886F-A6AB58DC74C7}.Release|Any CPU.ActiveCfg = Release|Any CPU
		{8E3BD5CF-BA19-4960-886F-A6AB58DC74C7}.Release|Any CPU.Build.0 = Release|Any CPU
		{1954AA1E-2FA7-45DC-9250-ABF0C4031DCC}.Debug|Any CPU.ActiveCfg = Debug|Any CPU
		{1954AA1E-2FA7-45DC-9250-ABF0C4031DCC}.Debug|Any CPU.Build.0 = Debug|Any CPU
		{1954AA1E-2FA7-45DC-9250-ABF0C4031DCC}.Release|Any CPU.ActiveCfg = Release|Any CPU
		{1954AA1E-2FA7-45DC-9250-ABF0C4031DCC}.Release|Any CPU.Build.0 = Release|Any CPU
		{5CA5A427-D898-4371-AF38-BC43C31D1F66}.Debug|Any CPU.ActiveCfg = Debug|Any CPU
		{5CA5A427-D898-4371-AF38-BC43C31D1F66}.Debug|Any CPU.Build.0 = Debug|Any CPU
		{5CA5A427-D898-4371-AF38-BC43C31D1F66}.Release|Any CPU.ActiveCfg = Release|Any CPU
		{5CA5A427-D898-4371-AF38-BC43C31D1F66}.Release|Any CPU.Build.0 = Release|Any CPU
		{4BD59757-CAD7-41B7-92F8-69C515162022}.Debug|Any CPU.ActiveCfg = Debug|Any CPU
		{4BD59757-CAD7-41B7-92F8-69C515162022}.Debug|Any CPU.Build.0 = Debug|Any CPU
		{4BD59757-CAD7-41B7-92F8-69C515162022}.Release|Any CPU.ActiveCfg = Release|Any CPU
		{4BD59757-CAD7-41B7-92F8-69C515162022}.Release|Any CPU.Build.0 = Release|Any CPU
	EndGlobalSection
	GlobalSection(SolutionProperties) = preSolution
		HideSolutionNode = FALSE
	EndGlobalSection
	GlobalSection(ExtensibilityGlobals) = postSolution
		SolutionGuid = {C3ADB484-3C96-46FA-BFB9-2A03C6FE1B1E}
	EndGlobalSection
EndGlobal
