
Microsoft Visual Studio Solution File, Format Version 12.00
# Visual Studio Version 16
VisualStudioVersion = 16.0.31019.35
MinimumVisualStudioVersion = 10.0.40219.1
Project("{9A19103F-16F7-4668-BE54-9A1E7A4F7556}") = "Corporateqna", "Corporateqna\Corporateqna.csproj", "{8E3BD5CF-BA19-4960-886F-A6AB58DC74C7}"
EndProject
Project("{9A19103F-16F7-4668-BE54-9A1E7A4F7556}") = "DataModels", "Corporateqna.DataModels\DataModels.csproj", "{91A8B734-009F-4170-8F4D-E26AA9C1F640}"
EndProject
Project("{9A19103F-16F7-4668-BE54-9A1E7A4F7556}") = "Corporateqna.Services", "Corporateqna.Services\Corporateqna.Services.csproj", "{4636465F-004E-4B19-B25A-A63DBBE06F63}"
EndProject
Project("{9A19103F-16F7-4668-BE54-9A1E7A4F7556}") = "Corporateqna.Models", "Corpoarteqna.Models\Corporateqna.Models.csproj", "{9038905F-CD09-4121-8EFA-D9CA434D4267}"
EndProject
Global
	GlobalSection(SolutionConfigurationPlatforms) = preSolution
		Debug|Any CPU = Debug|Any CPU
		Release|Any CPU = Release|Any CPU
	EndGlobalSection
	GlobalSection(ProjectConfigurationPlatforms) = postSolution
		{8E3BD5CF-BA19-4960-886F-A6AB58DC74C7}.Debug|Any CPU.ActiveCfg = Debug|Any CPU
		{8E3BD5CF-BA19-4960-886F-A6AB58DC74C7}.Debug|Any CPU.Build.0 = Debug|Any CPU
		{8E3BD5CF-BA19-4960-886F-A6AB58DC74C7}.Release|Any CPU.ActiveCfg = Release|Any CPU
		{8E3BD5CF-BA19-4960-886F-A6AB58DC74C7}.Release|Any CPU.Build.0 = Release|Any CPU
		{91A8B734-009F-4170-8F4D-E26AA9C1F640}.Debug|Any CPU.ActiveCfg = Debug|Any CPU
		{91A8B734-009F-4170-8F4D-E26AA9C1F640}.Debug|Any CPU.Build.0 = Debug|Any CPU
		{91A8B734-009F-4170-8F4D-E26AA9C1F640}.Release|Any CPU.ActiveCfg = Release|Any CPU
		{91A8B734-009F-4170-8F4D-E26AA9C1F640}.Release|Any CPU.Build.0 = Release|Any CPU
		{4636465F-004E-4B19-B25A-A63DBBE06F63}.Debug|Any CPU.ActiveCfg = Debug|Any CPU
		{4636465F-004E-4B19-B25A-A63DBBE06F63}.Debug|Any CPU.Build.0 = Debug|Any CPU
		{4636465F-004E-4B19-B25A-A63DBBE06F63}.Release|Any CPU.ActiveCfg = Release|Any CPU
		{4636465F-004E-4B19-B25A-A63DBBE06F63}.Release|Any CPU.Build.0 = Release|Any CPU
		{9038905F-CD09-4121-8EFA-D9CA434D4267}.Debug|Any CPU.ActiveCfg = Debug|Any CPU
		{9038905F-CD09-4121-8EFA-D9CA434D4267}.Debug|Any CPU.Build.0 = Debug|Any CPU
		{9038905F-CD09-4121-8EFA-D9CA434D4267}.Release|Any CPU.ActiveCfg = Release|Any CPU
		{9038905F-CD09-4121-8EFA-D9CA434D4267}.Release|Any CPU.Build.0 = Release|Any CPU
	EndGlobalSection
	GlobalSection(SolutionProperties) = preSolution
		HideSolutionNode = FALSE
	EndGlobalSection
	GlobalSection(ExtensibilityGlobals) = postSolution
		SolutionGuid = {C3ADB484-3C96-46FA-BFB9-2A03C6FE1B1E}
	EndGlobalSection
EndGlobal
