
Microsoft Visual Studio Solution File, Format Version 12.00
# Visual Studio Version 16
VisualStudioVersion = 16.0.31019.35
MinimumVisualStudioVersion = 10.0.40219.1
Project("{9A19103F-16F7-4668-BE54-9A1E7A4F7556}") = "Corporateqna", "Corporateqna\Corporateqna.csproj", "{8E3BD5CF-BA19-4960-886F-A6AB58DC74C7}"
EndProject
Project("{9A19103F-16F7-4668-BE54-9A1E7A4F7556}") = "Corporateqna.DataModels", "Corporateqna.DataModels\Corporateqna.DataModels.csproj", "{7634F095-4B17-4575-8177-0E47BF13F540}"
EndProject
Project("{9A19103F-16F7-4668-BE54-9A1E7A4F7556}") = "Corporateqna.Models", "Corporateqna.Models\Corporateqna.Models.csproj", "{CF542AB7-2C9E-4E7A-89BC-15412619911C}"
EndProject
Project("{9A19103F-16F7-4668-BE54-9A1E7A4F7556}") = "Corporateqna.Services", "Corporateqna.Services\Corporateqna.Services.csproj", "{F668AFF5-A85A-40AB-B9E3-A91C6CB87913}"
EndProject
Global
	GlobalSection(SolutionConfigurationPlatforms) = preSolution
		Debug|Any CPU = Debug|Any CPU
		Release|Any CPU = Release|Any CPU
	EndGlobalSection
	GlobalSection(ProjectConfigurationPlatforms) = postSolution
		{8E3BD5CF-BA19-4960-886F-A6AB58DC74C7}.Debug|Any CPU.ActiveCfg = Debug|Any CPU
		{8E3BD5CF-BA19-4960-886F-A6AB58DC74C7}.Debug|Any CPU.Build.0 = Debug|Any CPU
		{8E3BD5CF-BA19-4960-886F-A6AB58DC74C7}.Release|Any CPU.ActiveCfg = Release|Any CPU
		{8E3BD5CF-BA19-4960-886F-A6AB58DC74C7}.Release|Any CPU.Build.0 = Release|Any CPU
		{7634F095-4B17-4575-8177-0E47BF13F540}.Debug|Any CPU.ActiveCfg = Debug|Any CPU
		{7634F095-4B17-4575-8177-0E47BF13F540}.Debug|Any CPU.Build.0 = Debug|Any CPU
		{7634F095-4B17-4575-8177-0E47BF13F540}.Release|Any CPU.ActiveCfg = Release|Any CPU
		{7634F095-4B17-4575-8177-0E47BF13F540}.Release|Any CPU.Build.0 = Release|Any CPU
		{CF542AB7-2C9E-4E7A-89BC-15412619911C}.Debug|Any CPU.ActiveCfg = Debug|Any CPU
		{CF542AB7-2C9E-4E7A-89BC-15412619911C}.Debug|Any CPU.Build.0 = Debug|Any CPU
		{CF542AB7-2C9E-4E7A-89BC-15412619911C}.Release|Any CPU.ActiveCfg = Release|Any CPU
		{CF542AB7-2C9E-4E7A-89BC-15412619911C}.Release|Any CPU.Build.0 = Release|Any CPU
		{F668AFF5-A85A-40AB-B9E3-A91C6CB87913}.Debug|Any CPU.ActiveCfg = Debug|Any CPU
		{F668AFF5-A85A-40AB-B9E3-A91C6CB87913}.Debug|Any CPU.Build.0 = Debug|Any CPU
		{F668AFF5-A85A-40AB-B9E3-A91C6CB87913}.Release|Any CPU.ActiveCfg = Release|Any CPU
		{F668AFF5-A85A-40AB-B9E3-A91C6CB87913}.Release|Any CPU.Build.0 = Release|Any CPU
	EndGlobalSection
	GlobalSection(SolutionProperties) = preSolution
		HideSolutionNode = FALSE
	EndGlobalSection
	GlobalSection(ExtensibilityGlobals) = postSolution
		SolutionGuid = {C3ADB484-3C96-46FA-BFB9-2A03C6FE1B1E}
	EndGlobalSection
EndGlobal
